
Microsoft Visual Studio Solution File, Format Version 12.00
# Visual Studio Version 16
VisualStudioVersion = 16.0.30611.23
MinimumVisualStudioVersion = 10.0.40219.1
Project("{9A19103F-16F7-4668-BE54-9A1E7A4F7556}") = "DayOne", "DayOne\DayOne.csproj", "{4C74C7C5-B47C-4AAD-9126-1C96F27D8D8A}"
EndProject
Project("{9A19103F-16F7-4668-BE54-9A1E7A4F7556}") = "DayTwo", "DayTwo\DayTwo.csproj", "{49C1B33E-8AA0-4C69-9785-1A55498E9F97}"
EndProject
Project("{9A19103F-16F7-4668-BE54-9A1E7A4F7556}") = "DayThree", "DayThree\DayThree.csproj", "{A39C3DD3-89D6-4C13-BB2B-BD9994BC796F}"
EndProject
Project("{9A19103F-16F7-4668-BE54-9A1E7A4F7556}") = "DayFour", "DayFour\DayFour.csproj", "{3FBAE172-C78E-4024-97C7-78D55010127A}"
EndProject
Project("{9A19103F-16F7-4668-BE54-9A1E7A4F7556}") = "DayFive", "DayFive\DayFive.csproj", "{57C3497B-FED3-4A53-8016-59D7D105ABC5}"
EndProject
Project("{9A19103F-16F7-4668-BE54-9A1E7A4F7556}") = "DaySix", "DaySix\DaySix.csproj", "{7FB36495-0598-48D7-A89B-95C7E710D0AD}"
EndProject
Project("{9A19103F-16F7-4668-BE54-9A1E7A4F7556}") = "DaySeven", "DaySeven\DaySeven.csproj", "{30E84E72-52FD-4D01-8EBC-85292B48699D}"
EndProject
Project("{2150E333-8FDC-42A3-9474-1A3956D46DE8}") = "Common", "Common", "{6CA355D5-F060-4CF0-96C2-1266C9569BCB}"
EndProject
Project("{9A19103F-16F7-4668-BE54-9A1E7A4F7556}") = "FourLeggedHead.IO", "FourLeggedHead.IO\FourLeggedHead.IO.csproj", "{516E036A-7670-4B03-9078-53BE0685EA18}"
EndProject
Project("{9A19103F-16F7-4668-BE54-9A1E7A4F7556}") = "FourLeggedHead.Tools", "FourLeggedHead.Tools\FourLeggedHead.Tools.csproj", "{153770FF-1455-44E8-860F-DECE13EE1802}"
EndProject
Project("{9A19103F-16F7-4668-BE54-9A1E7A4F7556}") = "DayEight", "DayEight\DayEight.csproj", "{9AF27540-8493-4B2B-9196-6D4E7C91592A}"
EndProject
Project("{9A19103F-16F7-4668-BE54-9A1E7A4F7556}") = "DayNine", "DayNine\DayNine.csproj", "{29A4EF95-C1FA-4922-80F6-F5005F3A2F66}"
EndProject
Project("{9A19103F-16F7-4668-BE54-9A1E7A4F7556}") = "DayTen", "DayTen\DayTen.csproj", "{95F0544D-01BF-488A-9BF2-E78D0196E665}"
EndProject
Project("{9A19103F-16F7-4668-BE54-9A1E7A4F7556}") = "DayEleven", "DayEleven\DayEleven.csproj", "{C3FA0BC7-2A94-4E6B-B734-27D2A7307249}"
EndProject
Project("{FAE04EC0-301F-11D3-BF4B-00C04F79EFBC}") = "DayTwelve", "DayTwelve\DayTwelve.csproj", "{A3B4E615-BC1D-4023-8760-F81A811CD585}"
EndProject
Project("{FAE04EC0-301F-11D3-BF4B-00C04F79EFBC}") = "DayThirteen", "DayThirteen\DayThirteen.csproj", "{340F0022-A81B-497F-AD73-F36E04FECF24}"
EndProject
Project("{FAE04EC0-301F-11D3-BF4B-00C04F79EFBC}") = "DayFourteen", "DayFourteen\DayFourteen.csproj", "{41CA8A93-8F50-4F7E-9F92-D5C1288BC2E0}"
EndProject
Project("{FAE04EC0-301F-11D3-BF4B-00C04F79EFBC}") = "DayFifteen", "DayFifteen\DayFifteen.csproj", "{11DEEBDB-1D82-44E2-B970-C08AB51730F2}"
EndProject
Project("{FAE04EC0-301F-11D3-BF4B-00C04F79EFBC}") = "DaySixteen", "DaySixteen\DaySixteen.csproj", "{D5381B54-C097-410C-B74C-05F183733FAA}"
EndProject
Project("{FAE04EC0-301F-11D3-BF4B-00C04F79EFBC}") = "DaySeventeen", "DaySeventeen\DaySeventeen.csproj", "{FDFD32EB-2A12-4C1F-87EB-17C06A011B72}"
EndProject
Global
	GlobalSection(SolutionConfigurationPlatforms) = preSolution
		Debug|Any CPU = Debug|Any CPU
		Release|Any CPU = Release|Any CPU
	EndGlobalSection
	GlobalSection(ProjectConfigurationPlatforms) = postSolution
		{4C74C7C5-B47C-4AAD-9126-1C96F27D8D8A}.Debug|Any CPU.ActiveCfg = Debug|Any CPU
		{4C74C7C5-B47C-4AAD-9126-1C96F27D8D8A}.Debug|Any CPU.Build.0 = Debug|Any CPU
		{4C74C7C5-B47C-4AAD-9126-1C96F27D8D8A}.Release|Any CPU.ActiveCfg = Release|Any CPU
		{4C74C7C5-B47C-4AAD-9126-1C96F27D8D8A}.Release|Any CPU.Build.0 = Release|Any CPU
		{49C1B33E-8AA0-4C69-9785-1A55498E9F97}.Debug|Any CPU.ActiveCfg = Debug|Any CPU
		{49C1B33E-8AA0-4C69-9785-1A55498E9F97}.Debug|Any CPU.Build.0 = Debug|Any CPU
		{49C1B33E-8AA0-4C69-9785-1A55498E9F97}.Release|Any CPU.ActiveCfg = Release|Any CPU
		{49C1B33E-8AA0-4C69-9785-1A55498E9F97}.Release|Any CPU.Build.0 = Release|Any CPU
		{A39C3DD3-89D6-4C13-BB2B-BD9994BC796F}.Debug|Any CPU.ActiveCfg = Debug|Any CPU
		{A39C3DD3-89D6-4C13-BB2B-BD9994BC796F}.Debug|Any CPU.Build.0 = Debug|Any CPU
		{A39C3DD3-89D6-4C13-BB2B-BD9994BC796F}.Release|Any CPU.ActiveCfg = Release|Any CPU
		{A39C3DD3-89D6-4C13-BB2B-BD9994BC796F}.Release|Any CPU.Build.0 = Release|Any CPU
		{3FBAE172-C78E-4024-97C7-78D55010127A}.Debug|Any CPU.ActiveCfg = Debug|Any CPU
		{3FBAE172-C78E-4024-97C7-78D55010127A}.Debug|Any CPU.Build.0 = Debug|Any CPU
		{3FBAE172-C78E-4024-97C7-78D55010127A}.Release|Any CPU.ActiveCfg = Release|Any CPU
		{3FBAE172-C78E-4024-97C7-78D55010127A}.Release|Any CPU.Build.0 = Release|Any CPU
		{57C3497B-FED3-4A53-8016-59D7D105ABC5}.Debug|Any CPU.ActiveCfg = Debug|Any CPU
		{57C3497B-FED3-4A53-8016-59D7D105ABC5}.Debug|Any CPU.Build.0 = Debug|Any CPU
		{57C3497B-FED3-4A53-8016-59D7D105ABC5}.Release|Any CPU.ActiveCfg = Release|Any CPU
		{57C3497B-FED3-4A53-8016-59D7D105ABC5}.Release|Any CPU.Build.0 = Release|Any CPU
		{7FB36495-0598-48D7-A89B-95C7E710D0AD}.Debug|Any CPU.ActiveCfg = Debug|Any CPU
		{7FB36495-0598-48D7-A89B-95C7E710D0AD}.Debug|Any CPU.Build.0 = Debug|Any CPU
		{7FB36495-0598-48D7-A89B-95C7E710D0AD}.Release|Any CPU.ActiveCfg = Release|Any CPU
		{7FB36495-0598-48D7-A89B-95C7E710D0AD}.Release|Any CPU.Build.0 = Release|Any CPU
		{30E84E72-52FD-4D01-8EBC-85292B48699D}.Debug|Any CPU.ActiveCfg = Debug|Any CPU
		{30E84E72-52FD-4D01-8EBC-85292B48699D}.Debug|Any CPU.Build.0 = Debug|Any CPU
		{30E84E72-52FD-4D01-8EBC-85292B48699D}.Release|Any CPU.ActiveCfg = Release|Any CPU
		{30E84E72-52FD-4D01-8EBC-85292B48699D}.Release|Any CPU.Build.0 = Release|Any CPU
		{516E036A-7670-4B03-9078-53BE0685EA18}.Debug|Any CPU.ActiveCfg = Debug|Any CPU
		{516E036A-7670-4B03-9078-53BE0685EA18}.Debug|Any CPU.Build.0 = Debug|Any CPU
		{516E036A-7670-4B03-9078-53BE0685EA18}.Release|Any CPU.ActiveCfg = Release|Any CPU
		{516E036A-7670-4B03-9078-53BE0685EA18}.Release|Any CPU.Build.0 = Release|Any CPU
		{153770FF-1455-44E8-860F-DECE13EE1802}.Debug|Any CPU.ActiveCfg = Debug|Any CPU
		{153770FF-1455-44E8-860F-DECE13EE1802}.Debug|Any CPU.Build.0 = Debug|Any CPU
		{153770FF-1455-44E8-860F-DECE13EE1802}.Release|Any CPU.ActiveCfg = Release|Any CPU
		{153770FF-1455-44E8-860F-DECE13EE1802}.Release|Any CPU.Build.0 = Release|Any CPU
		{9AF27540-8493-4B2B-9196-6D4E7C91592A}.Debug|Any CPU.ActiveCfg = Debug|Any CPU
		{9AF27540-8493-4B2B-9196-6D4E7C91592A}.Debug|Any CPU.Build.0 = Debug|Any CPU
		{9AF27540-8493-4B2B-9196-6D4E7C91592A}.Release|Any CPU.ActiveCfg = Release|Any CPU
		{9AF27540-8493-4B2B-9196-6D4E7C91592A}.Release|Any CPU.Build.0 = Release|Any CPU
		{29A4EF95-C1FA-4922-80F6-F5005F3A2F66}.Debug|Any CPU.ActiveCfg = Debug|Any CPU
		{29A4EF95-C1FA-4922-80F6-F5005F3A2F66}.Debug|Any CPU.Build.0 = Debug|Any CPU
		{29A4EF95-C1FA-4922-80F6-F5005F3A2F66}.Release|Any CPU.ActiveCfg = Release|Any CPU
		{29A4EF95-C1FA-4922-80F6-F5005F3A2F66}.Release|Any CPU.Build.0 = Release|Any CPU
		{95F0544D-01BF-488A-9BF2-E78D0196E665}.Debug|Any CPU.ActiveCfg = Debug|Any CPU
		{95F0544D-01BF-488A-9BF2-E78D0196E665}.Debug|Any CPU.Build.0 = Debug|Any CPU
		{95F0544D-01BF-488A-9BF2-E78D0196E665}.Release|Any CPU.ActiveCfg = Release|Any CPU
		{95F0544D-01BF-488A-9BF2-E78D0196E665}.Release|Any CPU.Build.0 = Release|Any CPU
		{C3FA0BC7-2A94-4E6B-B734-27D2A7307249}.Debug|Any CPU.ActiveCfg = Debug|Any CPU
		{C3FA0BC7-2A94-4E6B-B734-27D2A7307249}.Debug|Any CPU.Build.0 = Debug|Any CPU
		{C3FA0BC7-2A94-4E6B-B734-27D2A7307249}.Release|Any CPU.ActiveCfg = Release|Any CPU
		{C3FA0BC7-2A94-4E6B-B734-27D2A7307249}.Release|Any CPU.Build.0 = Release|Any CPU
		{A3B4E615-BC1D-4023-8760-F81A811CD585}.Debug|Any CPU.ActiveCfg = Debug|Any CPU
		{A3B4E615-BC1D-4023-8760-F81A811CD585}.Debug|Any CPU.Build.0 = Debug|Any CPU
		{A3B4E615-BC1D-4023-8760-F81A811CD585}.Release|Any CPU.ActiveCfg = Release|Any CPU
		{A3B4E615-BC1D-4023-8760-F81A811CD585}.Release|Any CPU.Build.0 = Release|Any CPU
		{340F0022-A81B-497F-AD73-F36E04FECF24}.Debug|Any CPU.ActiveCfg = Debug|Any CPU
		{340F0022-A81B-497F-AD73-F36E04FECF24}.Debug|Any CPU.Build.0 = Debug|Any CPU
		{340F0022-A81B-497F-AD73-F36E04FECF24}.Release|Any CPU.ActiveCfg = Release|Any CPU
		{340F0022-A81B-497F-AD73-F36E04FECF24}.Release|Any CPU.Build.0 = Release|Any CPU
		{41CA8A93-8F50-4F7E-9F92-D5C1288BC2E0}.Debug|Any CPU.ActiveCfg = Debug|Any CPU
		{41CA8A93-8F50-4F7E-9F92-D5C1288BC2E0}.Debug|Any CPU.Build.0 = Debug|Any CPU
		{41CA8A93-8F50-4F7E-9F92-D5C1288BC2E0}.Release|Any CPU.ActiveCfg = Release|Any CPU
		{41CA8A93-8F50-4F7E-9F92-D5C1288BC2E0}.Release|Any CPU.Build.0 = Release|Any CPU
		{11DEEBDB-1D82-44E2-B970-C08AB51730F2}.Debug|Any CPU.ActiveCfg = Debug|Any CPU
		{11DEEBDB-1D82-44E2-B970-C08AB51730F2}.Debug|Any CPU.Build.0 = Debug|Any CPU
		{11DEEBDB-1D82-44E2-B970-C08AB51730F2}.Release|Any CPU.ActiveCfg = Release|Any CPU
		{11DEEBDB-1D82-44E2-B970-C08AB51730F2}.Release|Any CPU.Build.0 = Release|Any CPU
		{D5381B54-C097-410C-B74C-05F183733FAA}.Debug|Any CPU.ActiveCfg = Debug|Any CPU
		{D5381B54-C097-410C-B74C-05F183733FAA}.Debug|Any CPU.Build.0 = Debug|Any CPU
		{D5381B54-C097-410C-B74C-05F183733FAA}.Release|Any CPU.ActiveCfg = Release|Any CPU
		{D5381B54-C097-410C-B74C-05F183733FAA}.Release|Any CPU.Build.0 = Release|Any CPU
		{FDFD32EB-2A12-4C1F-87EB-17C06A011B72}.Debug|Any CPU.ActiveCfg = Debug|Any CPU
		{FDFD32EB-2A12-4C1F-87EB-17C06A011B72}.Debug|Any CPU.Build.0 = Debug|Any CPU
		{FDFD32EB-2A12-4C1F-87EB-17C06A011B72}.Release|Any CPU.ActiveCfg = Release|Any CPU
		{FDFD32EB-2A12-4C1F-87EB-17C06A011B72}.Release|Any CPU.Build.0 = Release|Any CPU
	EndGlobalSection
	GlobalSection(SolutionProperties) = preSolution
		HideSolutionNode = FALSE
	EndGlobalSection
	GlobalSection(NestedProjects) = preSolution
		{516E036A-7670-4B03-9078-53BE0685EA18} = {6CA355D5-F060-4CF0-96C2-1266C9569BCB}
		{153770FF-1455-44E8-860F-DECE13EE1802} = {6CA355D5-F060-4CF0-96C2-1266C9569BCB}
	EndGlobalSection
	GlobalSection(ExtensibilityGlobals) = postSolution
		SolutionGuid = {B4FD3B3E-BD1E-48CE-8BF5-FFE0434C7C71}
	EndGlobalSection
EndGlobal
